
Microsoft Visual Studio Solution File, Format Version 12.00
# Visual Studio Version 17
VisualStudioVersion = 17.8.34525.116
MinimumVisualStudioVersion = 10.0.40219.1
Project("{2150E333-8FDC-42A3-9474-1A3956D46DE8}") = "ApiGateways", "ApiGateways", "{4918903F-9EA8-4237-B3A7-65756AE89B1A}"
EndProject
Project("{2150E333-8FDC-42A3-9474-1A3956D46DE8}") = "Services", "Services", "{2761DAB2-B4DA-45FE-BCB1-F6BA84A556E3}"
EndProject
Project("{2150E333-8FDC-42A3-9474-1A3956D46DE8}") = "WebApps", "WebApps", "{AA732162-133A-4B50-80B6-B10D3C6E75C9}"
EndProject
Project("{2150E333-8FDC-42A3-9474-1A3956D46DE8}") = "BuildingBlocks", "BuildingBlocks", "{B0F27ED4-BC49-4528-B8DF-F939920B6052}"
EndProject
Project("{2150E333-8FDC-42A3-9474-1A3956D46DE8}") = "Catalog", "Catalog", "{516FA9DA-0DCD-466A-90B1-E6AE63D389E9}"
EndProject
Project("{2150E333-8FDC-42A3-9474-1A3956D46DE8}") = "Basket", "Basket", "{C926D179-AE18-4B10-B001-69EAE6485281}"
EndProject
Project("{2150E333-8FDC-42A3-9474-1A3956D46DE8}") = "Discount", "Discount", "{A020516C-9411-4B50-8100-CE36D110D253}"
EndProject
Project("{2150E333-8FDC-42A3-9474-1A3956D46DE8}") = "Ordering", "Ordering", "{D132DC66-A397-4C4D-97A4-E244EA62ACAC}"
EndProject
Project("{9A19103F-16F7-4668-BE54-9A1E7A4F7556}") = "Catalog.API", "Services\Catalog\Catalog.API\Catalog.API.csproj", "{8482DC11-93FE-44E8-A300-2FD2227BF2AF}"
EndProject
Project("{9A19103F-16F7-4668-BE54-9A1E7A4F7556}") = "BuildingBlocks", "BuildingBlocks\BuildingBlocks\BuildingBlocks.csproj", "{3749968C-8169-4C28-B024-7E185321F087}"
EndProject
Project("{E53339B2-1760-4266-BCC7-CA923CBCF16C}") = "docker-compose", "docker-compose.dcproj", "{F647E095-147E-4E51-B574-141C3A2E5973}"
EndProject
Project("{9A19103F-16F7-4668-BE54-9A1E7A4F7556}") = "Basket.API", "Services\Basket\Basket.API\Basket.API.csproj", "{97C8E291-E3CB-4DF4-BB4A-1B71656556A7}"
EndProject
Project("{9A19103F-16F7-4668-BE54-9A1E7A4F7556}") = "Discount.Grpc", "Services\Discount\Discount.Grpc\Discount.Grpc.csproj", "{E30988E2-BE55-4BCD-8B8D-559D3CCDE226}"
EndProject
Project("{9A19103F-16F7-4668-BE54-9A1E7A4F7556}") = "Ordering.API", "Services\Ordering\Ordering.API\Ordering.API.csproj", "{49CCDD8F-3BE9-4470-BA4A-10F85CE09051}"
EndProject
Project("{9A19103F-16F7-4668-BE54-9A1E7A4F7556}") = "Ordering.Domain", "Services\Ordering\Ordering.Domain\Ordering.Domain.csproj", "{10261569-F069-4917-B5B0-0C1C259A5ABD}"
EndProject
Project("{9A19103F-16F7-4668-BE54-9A1E7A4F7556}") = "Ordering.Application", "Services\Ordering\Ordering.Application\Ordering.Application.csproj", "{15AB16DC-D2E9-4D50-8CC1-DC1793CBF501}"
EndProject
Project("{9A19103F-16F7-4668-BE54-9A1E7A4F7556}") = "Ordering.Infrastructure", "Services\Ordering\Ordering.Infrastructure\Ordering.Infrastructure.csproj", "{AD47C1CF-9585-475D-B4D5-A5C17EAB5AE1}"
EndProject
Project("{9A19103F-16F7-4668-BE54-9A1E7A4F7556}") = "BuildingBlocks.Messaging", "BuildingBlocks\BuildingBlocks.Messaging\BuildingBlocks.Messaging.csproj", "{31940C72-54B4-4932-B090-86B02A61B359}"
EndProject
Project("{FAE04EC0-301F-11D3-BF4B-00C04F79EFBC}") = "YarpApiGateway", "ApiGateways\YarpApiGateway\YarpApiGateway.csproj", "{33CA8452-60B3-4A88-B2F6-1A32F35CF1D4}"
EndProject
Global
	GlobalSection(SolutionConfigurationPlatforms) = preSolution
		Debug|Any CPU = Debug|Any CPU
		Release|Any CPU = Release|Any CPU
	EndGlobalSection
	GlobalSection(ProjectConfigurationPlatforms) = postSolution
		{8482DC11-93FE-44E8-A300-2FD2227BF2AF}.Debug|Any CPU.ActiveCfg = Debug|Any CPU
		{8482DC11-93FE-44E8-A300-2FD2227BF2AF}.Debug|Any CPU.Build.0 = Debug|Any CPU
		{8482DC11-93FE-44E8-A300-2FD2227BF2AF}.Release|Any CPU.ActiveCfg = Release|Any CPU
		{8482DC11-93FE-44E8-A300-2FD2227BF2AF}.Release|Any CPU.Build.0 = Release|Any CPU
		{3749968C-8169-4C28-B024-7E185321F087}.Debug|Any CPU.ActiveCfg = Debug|Any CPU
		{3749968C-8169-4C28-B024-7E185321F087}.Debug|Any CPU.Build.0 = Debug|Any CPU
		{3749968C-8169-4C28-B024-7E185321F087}.Release|Any CPU.ActiveCfg = Release|Any CPU
		{3749968C-8169-4C28-B024-7E185321F087}.Release|Any CPU.Build.0 = Release|Any CPU
		{F647E095-147E-4E51-B574-141C3A2E5973}.Debug|Any CPU.ActiveCfg = Debug|Any CPU
		{F647E095-147E-4E51-B574-141C3A2E5973}.Debug|Any CPU.Build.0 = Debug|Any CPU
		{F647E095-147E-4E51-B574-141C3A2E5973}.Release|Any CPU.ActiveCfg = Release|Any CPU
		{F647E095-147E-4E51-B574-141C3A2E5973}.Release|Any CPU.Build.0 = Release|Any CPU
		{97C8E291-E3CB-4DF4-BB4A-1B71656556A7}.Debug|Any CPU.ActiveCfg = Debug|Any CPU
		{97C8E291-E3CB-4DF4-BB4A-1B71656556A7}.Debug|Any CPU.Build.0 = Debug|Any CPU
		{97C8E291-E3CB-4DF4-BB4A-1B71656556A7}.Release|Any CPU.ActiveCfg = Release|Any CPU
		{97C8E291-E3CB-4DF4-BB4A-1B71656556A7}.Release|Any CPU.Build.0 = Release|Any CPU
		{E30988E2-BE55-4BCD-8B8D-559D3CCDE226}.Debug|Any CPU.ActiveCfg = Debug|Any CPU
		{E30988E2-BE55-4BCD-8B8D-559D3CCDE226}.Debug|Any CPU.Build.0 = Debug|Any CPU
		{E30988E2-BE55-4BCD-8B8D-559D3CCDE226}.Release|Any CPU.ActiveCfg = Release|Any CPU
		{E30988E2-BE55-4BCD-8B8D-559D3CCDE226}.Release|Any CPU.Build.0 = Release|Any CPU
		{49CCDD8F-3BE9-4470-BA4A-10F85CE09051}.Debug|Any CPU.ActiveCfg = Debug|Any CPU
		{49CCDD8F-3BE9-4470-BA4A-10F85CE09051}.Debug|Any CPU.Build.0 = Debug|Any CPU
		{49CCDD8F-3BE9-4470-BA4A-10F85CE09051}.Release|Any CPU.ActiveCfg = Release|Any CPU
		{49CCDD8F-3BE9-4470-BA4A-10F85CE09051}.Release|Any CPU.Build.0 = Release|Any CPU
		{10261569-F069-4917-B5B0-0C1C259A5ABD}.Debug|Any CPU.ActiveCfg = Debug|Any CPU
		{10261569-F069-4917-B5B0-0C1C259A5ABD}.Debug|Any CPU.Build.0 = Debug|Any CPU
		{10261569-F069-4917-B5B0-0C1C259A5ABD}.Release|Any CPU.ActiveCfg = Release|Any CPU
		{10261569-F069-4917-B5B0-0C1C259A5ABD}.Release|Any CPU.Build.0 = Release|Any CPU
		{15AB16DC-D2E9-4D50-8CC1-DC1793CBF501}.Debug|Any CPU.ActiveCfg = Debug|Any CPU
		{15AB16DC-D2E9-4D50-8CC1-DC1793CBF501}.Debug|Any CPU.Build.0 = Debug|Any CPU
		{15AB16DC-D2E9-4D50-8CC1-DC1793CBF501}.Release|Any CPU.ActiveCfg = Release|Any CPU
		{15AB16DC-D2E9-4D50-8CC1-DC1793CBF501}.Release|Any CPU.Build.0 = Release|Any CPU
		{AD47C1CF-9585-475D-B4D5-A5C17EAB5AE1}.Debug|Any CPU.ActiveCfg = Debug|Any CPU
		{AD47C1CF-9585-475D-B4D5-A5C17EAB5AE1}.Debug|Any CPU.Build.0 = Debug|Any CPU
		{AD47C1CF-9585-475D-B4D5-A5C17EAB5AE1}.Release|Any CPU.ActiveCfg = Release|Any CPU
		{AD47C1CF-9585-475D-B4D5-A5C17EAB5AE1}.Release|Any CPU.Build.0 = Release|Any CPU
		{31940C72-54B4-4932-B090-86B02A61B359}.Debug|Any CPU.ActiveCfg = Debug|Any CPU
		{31940C72-54B4-4932-B090-86B02A61B359}.Debug|Any CPU.Build.0 = Debug|Any CPU
		{31940C72-54B4-4932-B090-86B02A61B359}.Release|Any CPU.ActiveCfg = Release|Any CPU
		{31940C72-54B4-4932-B090-86B02A61B359}.Release|Any CPU.Build.0 = Release|Any CPU
		{33CA8452-60B3-4A88-B2F6-1A32F35CF1D4}.Debug|Any CPU.ActiveCfg = Debug|Any CPU
		{33CA8452-60B3-4A88-B2F6-1A32F35CF1D4}.Debug|Any CPU.Build.0 = Debug|Any CPU
		{33CA8452-60B3-4A88-B2F6-1A32F35CF1D4}.Release|Any CPU.ActiveCfg = Release|Any CPU
		{33CA8452-60B3-4A88-B2F6-1A32F35CF1D4}.Release|Any CPU.Build.0 = Release|Any CPU
	EndGlobalSection
	GlobalSection(SolutionProperties) = preSolution
		HideSolutionNode = FALSE
	EndGlobalSection
	GlobalSection(NestedProjects) = preSolution
		{516FA9DA-0DCD-466A-90B1-E6AE63D389E9} = {2761DAB2-B4DA-45FE-BCB1-F6BA84A556E3}
		{C926D179-AE18-4B10-B001-69EAE6485281} = {2761DAB2-B4DA-45FE-BCB1-F6BA84A556E3}
		{A020516C-9411-4B50-8100-CE36D110D253} = {2761DAB2-B4DA-45FE-BCB1-F6BA84A556E3}
		{D132DC66-A397-4C4D-97A4-E244EA62ACAC} = {2761DAB2-B4DA-45FE-BCB1-F6BA84A556E3}
		{8482DC11-93FE-44E8-A300-2FD2227BF2AF} = {516FA9DA-0DCD-466A-90B1-E6AE63D389E9}
		{3749968C-8169-4C28-B024-7E185321F087} = {B0F27ED4-BC49-4528-B8DF-F939920B6052}
		{97C8E291-E3CB-4DF4-BB4A-1B71656556A7} = {C926D179-AE18-4B10-B001-69EAE6485281}
		{E30988E2-BE55-4BCD-8B8D-559D3CCDE226} = {A020516C-9411-4B50-8100-CE36D110D253}
		{49CCDD8F-3BE9-4470-BA4A-10F85CE09051} = {D132DC66-A397-4C4D-97A4-E244EA62ACAC}
		{10261569-F069-4917-B5B0-0C1C259A5ABD} = {D132DC66-A397-4C4D-97A4-E244EA62ACAC}
		{15AB16DC-D2E9-4D50-8CC1-DC1793CBF501} = {D132DC66-A397-4C4D-97A4-E244EA62ACAC}
		{AD47C1CF-9585-475D-B4D5-A5C17EAB5AE1} = {D132DC66-A397-4C4D-97A4-E244EA62ACAC}
		{31940C72-54B4-4932-B090-86B02A61B359} = {B0F27ED4-BC49-4528-B8DF-F939920B6052}
		{33CA8452-60B3-4A88-B2F6-1A32F35CF1D4} = {4918903F-9EA8-4237-B3A7-65756AE89B1A}
	EndGlobalSection
	GlobalSection(ExtensibilityGlobals) = postSolution
		SolutionGuid = {8A124F39-232F-468D-94F0-735EC6E7F8BD}
	EndGlobalSection
EndGlobal
